dependencies:
  espressif/coap:
    component_hash: 110911e92269df737326f643111da07934621c1c6e9a3cf7c7a002a14d55cfa3
    source:
      service_url: https://api.components.espressif.com/
      type: service
    version: 4.3.4~1
  idf:
    component_hash: null
    source:
      type: idf
    version: 5.1.1
manifest_hash: 0a737860bee15e2dde7f6684502df7fd16532a9db904ff6b2218e04b0fc06898
target: esp32
version: 1.0.0
