dependencies:
  espressif/coap:
    component_hash: 110911e92269df737326f643111da07934621c1c6e9a3cf7c7a002a14d55cfa3
    source:
      service_url: https://api.components.espressif.com/
      type: service
    version: 4.3.4~1
  idf:
    component_hash: null
    source:
      type: idf
    version: 5.1.1
manifest_hash: fd5ddd32b321e03e0473b770b998b10ea849cd42f71ad3779a89c6c1d7467eff
target: esp32
version: 1.0.0
